
Microsoft Visual Studio Solution File, Format Version 12.00
# Visual Studio 14
VisualStudioVersion = 14.0.25420.1
MinimumVisualStudioVersion = 10.0.40219.1
Project("{FAE04EC0-301F-11D3-BF4B-00C04F79EFBC}") = "MyOwnSite", "MyOwnSite\MyOwnSite.csproj", "{9A55FA28-598C-4BF6-BDB2-E9F3FCDE0071}"
EndProject
Project("{FAE04EC0-301F-11D3-BF4B-00C04F79EFBC}") = "MyOwnSite.Tests", "MyOwnSite.Tests\MyOwnSite.Tests.csproj", "{9DFBC07A-E51D-49B4-8763-72ECCE36265C}"
EndProject
Global
	GlobalSection(SolutionConfigurationPlatforms) = preSolution
		Debug|Any CPU = Debug|Any CPU
		Release|Any CPU = Release|Any CPU
	EndGlobalSection
	GlobalSection(ProjectConfigurationPlatforms) = postSolution
		{9A55FA28-598C-4BF6-BDB2-E9F3FCDE0071}.Debug|Any CPU.ActiveCfg = Debug|Any CPU
		{9A55FA28-598C-4BF6-BDB2-E9F3FCDE0071}.Debug|Any CPU.Build.0 = Debug|Any CPU
		{9A55FA28-598C-4BF6-BDB2-E9F3FCDE0071}.Release|Any CPU.ActiveCfg = Release|Any CPU
		{9A55FA28-598C-4BF6-BDB2-E9F3FCDE0071}.Release|Any CPU.Build.0 = Release|Any CPU
		{9DFBC07A-E51D-49B4-8763-72ECCE36265C}.Debug|Any CPU.ActiveCfg = Debug|Any CPU
		{9DFBC07A-E51D-49B4-8763-72ECCE36265C}.Debug|Any CPU.Build.0 = Debug|Any CPU
		{9DFBC07A-E51D-49B4-8763-72ECCE36265C}.Release|Any CPU.ActiveCfg = Release|Any CPU
		{9DFBC07A-E51D-49B4-8763-72ECCE36265C}.Release|Any CPU.Build.0 = Release|Any CPU
	EndGlobalSection
	GlobalSection(SolutionProperties) = preSolution
		HideSolutionNode = FALSE
	EndGlobalSection
EndGlobal
